
Microsoft Visual Studio Solution File, Format Version 12.00
# Visual Studio 15
VisualStudioVersion = 15.0.26730.8
MinimumVisualStudioVersion = 10.0.40219.1
Project("{FAE04EC0-301F-11D3-BF4B-00C04F79EFBC}") = "QueueRatingApp", "QueueRatingApp\QueueRatingApp.csproj", "{0383418E-D31A-43A4-9D29-19B17474C9B2}"
EndProject
Global
	GlobalSection(SolutionConfigurationPlatforms) = preSolution
		Debug|Any CPU = Debug|Any CPU
		Release|Any CPU = Release|Any CPU
	EndGlobalSection
	GlobalSection(ProjectConfigurationPlatforms) = postSolution
		{0383418E-D31A-43A4-9D29-19B17474C9B2}.Debug|Any CPU.ActiveCfg = Debug|Any CPU
		{0383418E-D31A-43A4-9D29-19B17474C9B2}.Debug|Any CPU.Build.0 = Debug|Any CPU
		{0383418E-D31A-43A4-9D29-19B17474C9B2}.Release|Any CPU.ActiveCfg = Release|Any CPU
		{0383418E-D31A-43A4-9D29-19B17474C9B2}.Release|Any CPU.Build.0 = Release|Any CPU
	EndGlobalSection
	GlobalSection(SolutionProperties) = preSolution
		HideSolutionNode = FALSE
	EndGlobalSection
	GlobalSection(ExtensibilityGlobals) = postSolution
		SolutionGuid = {630D9A56-1499-4B45-9C73-A96B43C042A0}
	EndGlobalSection
EndGlobal
